%{"certifi": {:hex, :certifi, "0.4.0"},
  "ex_aws": {:hex, :ex_aws, "0.4.18"},
  "gcloudex": {:hex, :gcloudex, "0.3.2"},
  "goth": {:hex, :goth, "0.0.3"},
  "hackney": {:hex, :hackney, "1.6.0"},
  "httpoison": {:hex, :httpoison, "0.8.3"},
  "idna": {:hex, :idna, "1.2.0"},
  "json_web_token": {:hex, :json_web_token, "0.2.4"},
  "meck": {:hex, :meck, "0.8.4"},
  "metrics": {:hex, :metrics, "1.0.1"},
  "mimerl": {:hex, :mimerl, "1.0.2"},
  "mock": {:hex, :mock, "0.1.3"},
  "poison": {:hex, :poison, "1.5.2"},
  "ssl_verify_fun": {:hex, :ssl_verify_fun, "1.1.0"},
  "ssl_verify_hostname": {:hex, :ssl_verify_hostname, "1.0.5"}}
